
Microsoft Visual Studio Solution File, Format Version 12.00
# Visual Studio 2017
Project("{FAE04EC0-301F-11D3-BF4B-00C04F79EFBC}") = "LimitAndThrottle", "LimitAndThrottle.csproj", "{42D125F8-181A-40A3-83C9-2A06420245F6}"
EndProject
Global
	GlobalSection(SolutionConfigurationPlatforms) = preSolution
		Debug|Any CPU = Debug|Any CPU
		Release|Any CPU = Release|Any CPU
	EndGlobalSection
	GlobalSection(ProjectConfigurationPlatforms) = postSolution
		{42D125F8-181A-40A3-83C9-2A06420245F6}.Debug|Any CPU.ActiveCfg = Debug|Any CPU
		{42D125F8-181A-40A3-83C9-2A06420245F6}.Debug|Any CPU.Build.0 = Debug|Any CPU
		{42D125F8-181A-40A3-83C9-2A06420245F6}.Release|Any CPU.ActiveCfg = Release|Any CPU
		{42D125F8-181A-40A3-83C9-2A06420245F6}.Release|Any CPU.Build.0 = Release|Any CPU
	EndGlobalSection
EndGlobal
